
Microsoft Visual Studio Solution File, Format Version 12.00
# Visual Studio Version 16
VisualStudioVersion = 16.0.29905.134
MinimumVisualStudioVersion = 10.0.40219.1
Project("{FAE04EC0-301F-11D3-BF4B-00C04F79EFBC}") = "XamarinTPModule4.UWP", "XamarinTPModule4\XamarinTPModule4.UWP\XamarinTPModule4.UWP.csproj", "{D58AE359-1296-4CA5-BC54-678148A7F851}"
EndProject
Project("{FAE04EC0-301F-11D3-BF4B-00C04F79EFBC}") = "XamarinTPModule4.Android", "XamarinTPModule4\XamarinTPModule4.Android\XamarinTPModule4.Android.csproj", "{4D48B321-9369-482C-B833-4E8B44C86B2E}"
EndProject
Project("{FAE04EC0-301F-11D3-BF4B-00C04F79EFBC}") = "XamarinTPModule4.iOS", "XamarinTPModule4\XamarinTPModule4.iOS\XamarinTPModule4.iOS.csproj", "{8A45B282-9A37-4E05-80D0-61546B81B03E}"
EndProject
Project("{FAE04EC0-301F-11D3-BF4B-00C04F79EFBC}") = "XamarinTPModule4", "XamarinTPModule4\XamarinTPModule4\XamarinTPModule4.csproj", "{66E83E3C-794F-4FBB-97B5-D76ED89CEF5D}"
EndProject
Global
	GlobalSection(SolutionConfigurationPlatforms) = preSolution
		Debug|Any CPU = Debug|Any CPU
		Debug|ARM = Debug|ARM
		Debug|iPhone = Debug|iPhone
		Debug|iPhoneSimulator = Debug|iPhoneSimulator
		Debug|x64 = Debug|x64
		Debug|x86 = Debug|x86
		Release|Any CPU = Release|Any CPU
		Release|ARM = Release|ARM
		Release|iPhone = Release|iPhone
		Release|iPhoneSimulator = Release|iPhoneSimulator
		Release|x64 = Release|x64
		Release|x86 = Release|x86
	EndGlobalSection
	GlobalSection(ProjectConfigurationPlatforms) = postSolution
		{D58AE359-1296-4CA5-BC54-678148A7F851}.Debug|Any CPU.ActiveCfg = Debug|x86
		{D58AE359-1296-4CA5-BC54-678148A7F851}.Debug|Any CPU.Build.0 = Debug|x86
		{D58AE359-1296-4CA5-BC54-678148A7F851}.Debug|Any CPU.Deploy.0 = Debug|x86
		{D58AE359-1296-4CA5-BC54-678148A7F851}.Debug|ARM.ActiveCfg = Debug|ARM
		{D58AE359-1296-4CA5-BC54-678148A7F851}.Debug|ARM.Build.0 = Debug|ARM
		{D58AE359-1296-4CA5-BC54-678148A7F851}.Debug|ARM.Deploy.0 = Debug|ARM
		{D58AE359-1296-4CA5-BC54-678148A7F851}.Debug|iPhone.ActiveCfg = Debug|x86
		{D58AE359-1296-4CA5-BC54-678148A7F851}.Debug|iPhone.Build.0 = Debug|x86
		{D58AE359-1296-4CA5-BC54-678148A7F851}.Debug|iPhone.Deploy.0 = Debug|x86
		{D58AE359-1296-4CA5-BC54-678148A7F851}.Debug|iPhoneSimulator.ActiveCfg = Debug|x86
		{D58AE359-1296-4CA5-BC54-678148A7F851}.Debug|iPhoneSimulator.Build.0 = Debug|x86
		{D58AE359-1296-4CA5-BC54-678148A7F851}.Debug|iPhoneSimulator.Deploy.0 = Debug|x86
		{D58AE359-1296-4CA5-BC54-678148A7F851}.Debug|x64.ActiveCfg = Debug|x64
		{D58AE359-1296-4CA5-BC54-678148A7F851}.Debug|x64.Build.0 = Debug|x64
		{D58AE359-1296-4CA5-BC54-678148A7F851}.Debug|x64.Deploy.0 = Debug|x64
		{D58AE359-1296-4CA5-BC54-678148A7F851}.Debug|x86.ActiveCfg = Debug|x86
		{D58AE359-1296-4CA5-BC54-678148A7F851}.Debug|x86.Build.0 = Debug|x86
		{D58AE359-1296-4CA5-BC54-678148A7F851}.Debug|x86.Deploy.0 = Debug|x86
		{D58AE359-1296-4CA5-BC54-678148A7F851}.Release|Any CPU.ActiveCfg = Release|x86
		{D58AE359-1296-4CA5-BC54-678148A7F851}.Release|Any CPU.Build.0 = Release|x86
		{D58AE359-1296-4CA5-BC54-678148A7F851}.Release|Any CPU.Deploy.0 = Release|x86
		{D58AE359-1296-4CA5-BC54-678148A7F851}.Release|ARM.ActiveCfg = Release|ARM
		{D58AE359-1296-4CA5-BC54-678148A7F851}.Release|ARM.Build.0 = Release|ARM
		{D58AE359-1296-4CA5-BC54-678148A7F851}.Release|ARM.Deploy.0 = Release|ARM
		{D58AE359-1296-4CA5-BC54-678148A7F851}.Release|iPhone.ActiveCfg = Release|x86
		{D58AE359-1296-4CA5-BC54-678148A7F851}.Release|iPhone.Build.0 = Release|x86
		{D58AE359-1296-4CA5-BC54-678148A7F851}.Release|iPhone.Deploy.0 = Release|x86
		{D58AE359-1296-4CA5-BC54-678148A7F851}.Release|iPhoneSimulator.ActiveCfg = Release|x86
		{D58AE359-1296-4CA5-BC54-678148A7F851}.Release|iPhoneSimulator.Build.0 = Release|x86
		{D58AE359-1296-4CA5-BC54-678148A7F851}.Release|iPhoneSimulator.Deploy.0 = Release|x86
		{D58AE359-1296-4CA5-BC54-678148A7F851}.Release|x64.ActiveCfg = Release|x64
		{D58AE359-1296-4CA5-BC54-678148A7F851}.Release|x64.Build.0 = Release|x64
		{D58AE359-1296-4CA5-BC54-678148A7F851}.Release|x64.Deploy.0 = Release|x64
		{D58AE359-1296-4CA5-BC54-678148A7F851}.Release|x86.ActiveCfg = Release|x86
		{D58AE359-1296-4CA5-BC54-678148A7F851}.Release|x86.Build.0 = Release|x86
		{D58AE359-1296-4CA5-BC54-678148A7F851}.Release|x86.Deploy.0 = Release|x86
		{4D48B321-9369-482C-B833-4E8B44C86B2E}.Debug|Any CPU.ActiveCfg = Debug|Any CPU
		{4D48B321-9369-482C-B833-4E8B44C86B2E}.Debug|Any CPU.Build.0 = Debug|Any CPU
		{4D48B321-9369-482C-B833-4E8B44C86B2E}.Debug|Any CPU.Deploy.0 = Debug|Any CPU
		{4D48B321-9369-482C-B833-4E8B44C86B2E}.Debug|ARM.ActiveCfg = Debug|Any CPU
		{4D48B321-9369-482C-B833-4E8B44C86B2E}.Debug|ARM.Build.0 = Debug|Any CPU
		{4D48B321-9369-482C-B833-4E8B44C86B2E}.Debug|ARM.Deploy.0 = Debug|Any CPU
		{4D48B321-9369-482C-B833-4E8B44C86B2E}.Debug|iPhone.ActiveCfg = Debug|Any CPU
		{4D48B321-9369-482C-B833-4E8B44C86B2E}.Debug|iPhone.Build.0 = Debug|Any CPU
		{4D48B321-9369-482C-B833-4E8B44C86B2E}.Debug|iPhone.Deploy.0 = Debug|Any CPU
		{4D48B321-9369-482C-B833-4E8B44C86B2E}.Debug|iPhoneSimulator.ActiveCfg = Debug|Any CPU
		{4D48B321-9369-482C-B833-4E8B44C86B2E}.Debug|iPhoneSimulator.Build.0 = Debug|Any CPU
		{4D48B321-9369-482C-B833-4E8B44C86B2E}.Debug|iPhoneSimulator.Deploy.0 = Debug|Any CPU
		{4D48B321-9369-482C-B833-4E8B44C86B2E}.Debug|x64.ActiveCfg = Debug|Any CPU
		{4D48B321-9369-482C-B833-4E8B44C86B2E}.Debug|x64.Build.0 = Debug|Any CPU
		{4D48B321-9369-482C-B833-4E8B44C86B2E}.Debug|x64.Deploy.0 = Debug|Any CPU
		{4D48B321-9369-482C-B833-4E8B44C86B2E}.Debug|x86.ActiveCfg = Debug|Any CPU
		{4D48B321-9369-482C-B833-4E8B44C86B2E}.Debug|x86.Build.0 = Debug|Any CPU
		{4D48B321-9369-482C-B833-4E8B44C86B2E}.Debug|x86.Deploy.0 = Debug|Any CPU
		{4D48B321-9369-482C-B833-4E8B44C86B2E}.Release|Any CPU.ActiveCfg = Release|Any CPU
		{4D48B321-9369-482C-B833-4E8B44C86B2E}.Release|Any CPU.Build.0 = Release|Any CPU
		{4D48B321-9369-482C-B833-4E8B44C86B2E}.Release|Any CPU.Deploy.0 = Release|Any CPU
		{4D48B321-9369-482C-B833-4E8B44C86B2E}.Release|ARM.ActiveCfg = Release|Any CPU
		{4D48B321-9369-482C-B833-4E8B44C86B2E}.Release|ARM.Build.0 = Release|Any CPU
		{4D48B321-9369-482C-B833-4E8B44C86B2E}.Release|ARM.Deploy.0 = Release|Any CPU
		{4D48B321-9369-482C-B833-4E8B44C86B2E}.Release|iPhone.ActiveCfg = Release|Any CPU
		{4D48B321-9369-482C-B833-4E8B44C86B2E}.Release|iPhone.Build.0 = Release|Any CPU
		{4D48B321-9369-482C-B833-4E8B44C86B2E}.Release|iPhone.Deploy.0 = Release|Any CPU
		{4D48B321-9369-482C-B833-4E8B44C86B2E}.Release|iPhoneSimulator.ActiveCfg = Release|Any CPU
		{4D48B321-9369-482C-B833-4E8B44C86B2E}.Release|iPhoneSimulator.Build.0 = Release|Any CPU
		{4D48B321-9369-482C-B833-4E8B44C86B2E}.Release|iPhoneSimulator.Deploy.0 = Release|Any CPU
		{4D48B321-9369-482C-B833-4E8B44C86B2E}.Release|x64.ActiveCfg = Release|Any CPU
		{4D48B321-9369-482C-B833-4E8B44C86B2E}.Release|x64.Build.0 = Release|Any CPU
		{4D48B321-9369-482C-B833-4E8B44C86B2E}.Release|x64.Deploy.0 = Release|Any CPU
		{4D48B321-9369-482C-B833-4E8B44C86B2E}.Release|x86.ActiveCfg = Release|Any CPU
		{4D48B321-9369-482C-B833-4E8B44C86B2E}.Release|x86.Build.0 = Release|Any CPU
		{4D48B321-9369-482C-B833-4E8B44C86B2E}.Release|x86.Deploy.0 = Release|Any CPU
		{8A45B282-9A37-4E05-80D0-61546B81B03E}.Debug|Any CPU.ActiveCfg = Debug|iPhone
		{8A45B282-9A37-4E05-80D0-61546B81B03E}.Debug|Any CPU.Build.0 = Debug|iPhone
		{8A45B282-9A37-4E05-80D0-61546B81B03E}.Debug|Any CPU.Deploy.0 = Debug|iPhone
		{8A45B282-9A37-4E05-80D0-61546B81B03E}.Debug|ARM.ActiveCfg = Debug|iPhoneSimulator
		{8A45B282-9A37-4E05-80D0-61546B81B03E}.Debug|ARM.Build.0 = Debug|iPhoneSimulator
		{8A45B282-9A37-4E05-80D0-61546B81B03E}.Debug|ARM.Deploy.0 = Debug|iPhoneSimulator
		{8A45B282-9A37-4E05-80D0-61546B81B03E}.Debug|iPhone.ActiveCfg = Debug|iPhone
		{8A45B282-9A37-4E05-80D0-61546B81B03E}.Debug|iPhone.Build.0 = Debug|iPhone
		{8A45B282-9A37-4E05-80D0-61546B81B03E}.Debug|iPhone.Deploy.0 = Debug|iPhone
		{8A45B282-9A37-4E05-80D0-61546B81B03E}.Debug|iPhoneSimulator.ActiveCfg = Debug|iPhoneSimulator
		{8A45B282-9A37-4E05-80D0-61546B81B03E}.Debug|iPhoneSimulator.Build.0 = Debug|iPhoneSimulator
		{8A45B282-9A37-4E05-80D0-61546B81B03E}.Debug|iPhoneSimulator.Deploy.0 = Debug|iPhoneSimulator
		{8A45B282-9A37-4E05-80D0-61546B81B03E}.Debug|x64.ActiveCfg = Debug|iPhone
		{8A45B282-9A37-4E05-80D0-61546B81B03E}.Debug|x64.Build.0 = Debug|iPhone
		{8A45B282-9A37-4E05-80D0-61546B81B03E}.Debug|x64.Deploy.0 = Debug|iPhone
		{8A45B282-9A37-4E05-80D0-61546B81B03E}.Debug|x86.ActiveCfg = Debug|iPhone
		{8A45B282-9A37-4E05-80D0-61546B81B03E}.Debug|x86.Build.0 = Debug|iPhone
		{8A45B282-9A37-4E05-80D0-61546B81B03E}.Debug|x86.Deploy.0 = Debug|iPhone
		{8A45B282-9A37-4E05-80D0-61546B81B03E}.Release|Any CPU.ActiveCfg = Release|iPhone
		{8A45B282-9A37-4E05-80D0-61546B81B03E}.Release|Any CPU.Build.0 = Release|iPhone
		{8A45B282-9A37-4E05-80D0-61546B81B03E}.Release|Any CPU.Deploy.0 = Release|iPhone
		{8A45B282-9A37-4E05-80D0-61546B81B03E}.Release|ARM.ActiveCfg = Release|iPhone
		{8A45B282-9A37-4E05-80D0-61546B81B03E}.Release|ARM.Build.0 = Release|iPhone
		{8A45B282-9A37-4E05-80D0-61546B81B03E}.Release|ARM.Deploy.0 = Release|iPhone
		{8A45B282-9A37-4E05-80D0-61546B81B03E}.Release|iPhone.ActiveCfg = Release|iPhone
		{8A45B282-9A37-4E05-80D0-61546B81B03E}.Release|iPhone.Build.0 = Release|iPhone
		{8A45B282-9A37-4E05-80D0-61546B81B03E}.Release|iPhone.Deploy.0 = Release|iPhone
		{8A45B282-9A37-4E05-80D0-61546B81B03E}.Release|iPhoneSimulator.ActiveCfg = Release|iPhoneSimulator
		{8A45B282-9A37-4E05-80D0-61546B81B03E}.Release|iPhoneSimulator.Build.0 = Release|iPhoneSimulator
		{8A45B282-9A37-4E05-80D0-61546B81B03E}.Release|iPhoneSimulator.Deploy.0 = Release|iPhoneSimulator
		{8A45B282-9A37-4E05-80D0-61546B81B03E}.Release|x64.ActiveCfg = Release|iPhone
		{8A45B282-9A37-4E05-80D0-61546B81B03E}.Release|x64.Build.0 = Release|iPhone
		{8A45B282-9A37-4E05-80D0-61546B81B03E}.Release|x64.Deploy.0 = Release|iPhone
		{8A45B282-9A37-4E05-80D0-61546B81B03E}.Release|x86.ActiveCfg = Release|iPhone
		{8A45B282-9A37-4E05-80D0-61546B81B03E}.Release|x86.Build.0 = Release|iPhone
		{8A45B282-9A37-4E05-80D0-61546B81B03E}.Release|x86.Deploy.0 = Release|iPhone
		{66E83E3C-794F-4FBB-97B5-D76ED89CEF5D}.Debug|Any CPU.ActiveCfg = Debug|Any CPU
		{66E83E3C-794F-4FBB-97B5-D76ED89CEF5D}.Debug|Any CPU.Build.0 = Debug|Any CPU
		{66E83E3C-794F-4FBB-97B5-D76ED89CEF5D}.Debug|Any CPU.Deploy.0 = Debug|Any CPU
		{66E83E3C-794F-4FBB-97B5-D76ED89CEF5D}.Debug|ARM.ActiveCfg = Debug|Any CPU
		{66E83E3C-794F-4FBB-97B5-D76ED89CEF5D}.Debug|ARM.Build.0 = Debug|Any CPU
		{66E83E3C-794F-4FBB-97B5-D76ED89CEF5D}.Debug|ARM.Deploy.0 = Debug|Any CPU
		{66E83E3C-794F-4FBB-97B5-D76ED89CEF5D}.Debug|iPhone.ActiveCfg = Debug|Any CPU
		{66E83E3C-794F-4FBB-97B5-D76ED89CEF5D}.Debug|iPhone.Build.0 = Debug|Any CPU
		{66E83E3C-794F-4FBB-97B5-D76ED89CEF5D}.Debug|iPhone.Deploy.0 = Debug|Any CPU
		{66E83E3C-794F-4FBB-97B5-D76ED89CEF5D}.Debug|iPhoneSimulator.ActiveCfg = Debug|Any CPU
		{66E83E3C-794F-4FBB-97B5-D76ED89CEF5D}.Debug|iPhoneSimulator.Build.0 = Debug|Any CPU
		{66E83E3C-794F-4FBB-97B5-D76ED89CEF5D}.Debug|iPhoneSimulator.Deploy.0 = Debug|Any CPU
		{66E83E3C-794F-4FBB-97B5-D76ED89CEF5D}.Debug|x64.ActiveCfg = Debug|Any CPU
		{66E83E3C-794F-4FBB-97B5-D76ED89CEF5D}.Debug|x64.Build.0 = Debug|Any CPU
		{66E83E3C-794F-4FBB-97B5-D76ED89CEF5D}.Debug|x64.Deploy.0 = Debug|Any CPU
		{66E83E3C-794F-4FBB-97B5-D76ED89CEF5D}.Debug|x86.ActiveCfg = Debug|Any CPU
		{66E83E3C-794F-4FBB-97B5-D76ED89CEF5D}.Debug|x86.Build.0 = Debug|Any CPU
		{66E83E3C-794F-4FBB-97B5-D76ED89CEF5D}.Debug|x86.Deploy.0 = Debug|Any CPU
		{66E83E3C-794F-4FBB-97B5-D76ED89CEF5D}.Release|Any CPU.ActiveCfg = Release|Any CPU
		{66E83E3C-794F-4FBB-97B5-D76ED89CEF5D}.Release|Any CPU.Build.0 = Release|Any CPU
		{66E83E3C-794F-4FBB-97B5-D76ED89CEF5D}.Release|Any CPU.Deploy.0 = Release|Any CPU
		{66E83E3C-794F-4FBB-97B5-D76ED89CEF5D}.Release|ARM.ActiveCfg = Release|Any CPU
		{66E83E3C-794F-4FBB-97B5-D76ED89CEF5D}.Release|ARM.Build.0 = Release|Any CPU
		{66E83E3C-794F-4FBB-97B5-D76ED89CEF5D}.Release|ARM.Deploy.0 = Release|Any CPU
		{66E83E3C-794F-4FBB-97B5-D76ED89CEF5D}.Release|iPhone.ActiveCfg = Release|Any CPU
		{66E83E3C-794F-4FBB-97B5-D76ED89CEF5D}.Release|iPhone.Build.0 = Release|Any CPU
		{66E83E3C-794F-4FBB-97B5-D76ED89CEF5D}.Release|iPhone.Deploy.0 = Release|Any CPU
		{66E83E3C-794F-4FBB-97B5-D76ED89CEF5D}.Release|iPhoneSimulator.ActiveCfg = Release|Any CPU
		{66E83E3C-794F-4FBB-97B5-D76ED89CEF5D}.Release|iPhoneSimulator.Build.0 = Release|Any CPU
		{66E83E3C-794F-4FBB-97B5-D76ED89CEF5D}.Release|iPhoneSimulator.Deploy.0 = Release|Any CPU
		{66E83E3C-794F-4FBB-97B5-D76ED89CEF5D}.Release|x64.ActiveCfg = Release|Any CPU
		{66E83E3C-794F-4FBB-97B5-D76ED89CEF5D}.Release|x64.Build.0 = Release|Any CPU
		{66E83E3C-794F-4FBB-97B5-D76ED89CEF5D}.Release|x64.Deploy.0 = Release|Any CPU
		{66E83E3C-794F-4FBB-97B5-D76ED89CEF5D}.Release|x86.ActiveCfg = Release|Any CPU
		{66E83E3C-794F-4FBB-97B5-D76ED89CEF5D}.Release|x86.Build.0 = Release|Any CPU
		{66E83E3C-794F-4FBB-97B5-D76ED89CEF5D}.Release|x86.Deploy.0 = Release|Any CPU
	EndGlobalSection
	GlobalSection(SolutionProperties) = preSolution
		HideSolutionNode = FALSE
	EndGlobalSection
	GlobalSection(ExtensibilityGlobals) = postSolution
		SolutionGuid = {E66F20ED-5B51-412F-BEB1-292E82110642}
	EndGlobalSection
EndGlobal
